// !$*UTF8*$!
{
	archiveVersion = 1;
	classes = {
	};
	objectVersion = 56;
	objects = {

/* Begin PBXBuildFile section */
		E78BD10028DD118F0070E4F5 /* AdditionApp.swift in Sources */ = {isa = PBXBuildFile; fileRef = E78BD0FF28DD118F0070E4F5 /* AdditionApp.swift */; };
		E78BD10228DD118F0070E4F5 /* ContentView.swift in Sources */ = {isa = PBXBuildFile; fileRef = E78BD10128DD118F0070E4F5 /* ContentView.swift */; };
		E78BD10428DD11910070E4F5 /* Assets.xcassets in Resources */ = {isa = PBXBuildFile; fileRef = E78BD10328DD11910070E4F5 /* Assets.xcassets */; };
		E78BD10728DD11910070E4F5 /* Preview Assets.xcassets in Resources */ = {isa = PBXBuildFile; fileRef = E78BD10628DD11910070E4F5 /* Preview Assets.xcassets */; };
		E78BD10E28DE61A10070E4F5 /* Animals.swift in Sources */ = {isa = PBXBuildFile; fileRef = E78BD10D28DE61A10070E4F5 /* Animals.swift */; };
		E78BD11028DE64E90070E4F5 /* SwiftExtensions.swift in Sources */ = {isa = PBXBuildFile; fileRef = E78BD10F28DE64E90070E4F5 /* SwiftExtensions.swift */; };
		E79B19A628E0C72C00231BE5 /* GameView.swift in Sources */ = {isa = PBXBuildFile; fileRef = E79B19A528E0C72C00231BE5 /* GameView.swift */; };
		E79B19A828E0C82F00231BE5 /* AnimalButton.swift in Sources */ = {isa = PBXBuildFile; fileRef = E79B19A728E0C82F00231BE5 /* AnimalButton.swift */; };
		E79B19AA28E1433300231BE5 /* UserProgress.swift in Sources */ = {isa = PBXBuildFile; fileRef = E79B19A928E1433300231BE5 /* UserProgress.swift */; };
		E7CEEE8F2924504C002744A3 /* AnimalGroup.swift in Sources */ = {isa = PBXBuildFile; fileRef = E7CEEE8E2924504C002744A3 /* AnimalGroup.swift */; };
		E7CEEE912926F5AD002744A3 /* SoundManager.swift in Sources */ = {isa = PBXBuildFile; fileRef = E7CEEE902926F5AD002744A3 /* SoundManager.swift */; };
/* End PBXBuildFile section */

/* Begin PBXFileReference section */
		E78BD0FC28DD118F0070E4F5 /* Addition.app */ = {isa = PBXFileReference; explicitFileType = wrapper.application; includeInIndex = 0; path = Addition.app; sourceTree = BUILT_PRODUCTS_DIR; };
		E78BD0FF28DD118F0070E4F5 /* AdditionApp.swift */ = {isa = PBXFileReference; lastKnownFileType = sourcecode.swift; path = AdditionApp.swift; sourceTree = "<group>"; };
		E78BD10128DD118F0070E4F5 /* ContentView.swift */ = {isa = PBXFileReference; lastKnownFileType = sourcecode.swift; path = ContentView.swift; sourceTree = "<group>"; };
		E78BD10328DD11910070E4F5 /* Assets.xcassets */ = {isa = PBXFileReference; lastKnownFileType = folder.assetcatalog; path = Assets.xcassets; sourceTree = "<group>"; };
		E78BD10628DD11910070E4F5 /* Preview Assets.xcassets */ = {isa = PBXFileReference; lastKnownFileType = folder.assetcatalog; path = "Preview Assets.xcassets"; sourceTree = "<group>"; };
		E78BD10D28DE61A10070E4F5 /* Animals.swift */ = {isa = PBXFileReference; lastKnownFileType = sourcecode.swift; path = Animals.swift; sourceTree = "<group>"; };
		E78BD10F28DE64E90070E4F5 /* SwiftExtensions.swift */ = {isa = PBXFileReference; lastKnownFileType = sourcecode.swift; path = SwiftExtensions.swift; sourceTree = "<group>"; };
		E79B19A528E0C72C00231BE5 /* GameView.swift */ = {isa = PBXFileReference; lastKnownFileType = sourcecode.swift; path = GameView.swift; sourceTree = "<group>"; };
		E79B19A728E0C82F00231BE5 /* AnimalButton.swift */ = {isa = PBXFileReference; lastKnownFileType = sourcecode.swift; path = AnimalButton.swift; sourceTree = "<group>"; };
		E79B19A928E1433300231BE5 /* UserProgress.swift */ = {isa = PBXFileReference; lastKnownFileType = sourcecode.swift; path = UserProgress.swift; sourceTree = "<group>"; };
		E7CEEE8E2924504C002744A3 /* AnimalGroup.swift */ = {isa = PBXFileReference; lastKnownFileType = sourcecode.swift; path = AnimalGroup.swift; sourceTree = "<group>"; };
		E7CEEE902926F5AD002744A3 /* SoundManager.swift */ = {isa = PBXFileReference; lastKnownFileType = sourcecode.swift; path = SoundManager.swift; sourceTree = "<group>"; };
/* End PBXFileReference section */

/* Begin PBXFrameworksBuildPhase section */
		E78BD0F928DD118F0070E4F5 /* Frameworks */ = {
			isa = PBXFrameworksBuildPhase;
			buildActionMask = 2147483647;
			files = (
			);
			runOnlyForDeploymentPostprocessing = 0;
		};
/* End PBXFrameworksBuildPhase section */

/* Begin PBXGroup section */
		E78BD0F328DD118F0070E4F5 = {
			isa = PBXGroup;
			children = (
				E78BD0FE28DD118F0070E4F5 /* Addition */,
				E78BD0FD28DD118F0070E4F5 /* Products */,
			);
			sourceTree = "<group>";
		};
		E78BD0FD28DD118F0070E4F5 /* Products */ = {
			isa = PBXGroup;
			children = (
				E78BD0FC28DD118F0070E4F5 /* Addition.app */,
			);
			name = Products;
			sourceTree = "<group>";
		};
		E78BD0FE28DD118F0070E4F5 /* Addition */ = {
			isa = PBXGroup;
			children = (
				E78BD10D28DE61A10070E4F5 /* Animals.swift */,
				E78BD0FF28DD118F0070E4F5 /* AdditionApp.swift */,
				E78BD10128DD118F0070E4F5 /* ContentView.swift */,
				E79B19A728E0C82F00231BE5 /* AnimalButton.swift */,
				E78BD10328DD11910070E4F5 /* Assets.xcassets */,
				E78BD10528DD11910070E4F5 /* Preview Content */,
				E78BD10F28DE64E90070E4F5 /* SwiftExtensions.swift */,
				E79B19A528E0C72C00231BE5 /* GameView.swift */,
				E79B19A928E1433300231BE5 /* UserProgress.swift */,
				E7CEEE8E2924504C002744A3 /* AnimalGroup.swift */,
				E7CEEE902926F5AD002744A3 /* SoundManager.swift */,
			);
			path = Addition;
			sourceTree = "<group>";
		};
		E78BD10528DD11910070E4F5 /* Preview Content */ = {
			isa = PBXGroup;
			children = (
				E78BD10628DD11910070E4F5 /* Preview Assets.xcassets */,
			);
			path = "Preview Content";
			sourceTree = "<group>";
		};
/* End PBXGroup section */

/* Begin PBXNativeTarget section */
		E78BD0FB28DD118F0070E4F5 /* Addition */ = {
			isa = PBXNativeTarget;
			buildConfigurationList = E78BD10A28DD11910070E4F5 /* Build configuration list for PBXNativeTarget "Addition" */;
			buildPhases = (
				E78BD0F828DD118F0070E4F5 /* Sources */,
				E78BD0F928DD118F0070E4F5 /* Frameworks */,
				E78BD0FA28DD118F0070E4F5 /* Resources */,
			);
			buildRules = (
			);
			dependencies = (
			);
			name = Addition;
			productName = Multiplication;
			productReference = E78BD0FC28DD118F0070E4F5 /* Addition.app */;
			productType = "com.apple.product-type.application";
		};
/* End PBXNativeTarget section */

/* Begin PBXProject section */
		E78BD0F428DD118F0070E4F5 /* Project object */ = {
			isa = PBXProject;
			attributes = {
				BuildIndependentTargetsInParallel = 1;
				LastSwiftUpdateCheck = 1400;
				LastUpgradeCheck = 1400;
				TargetAttributes = {
					E78BD0FB28DD118F0070E4F5 = {
						CreatedOnToolsVersion = 14.0;
					};
				};
			};
			buildConfigurationList = E78BD0F728DD118F0070E4F5 /* Build configuration list for PBXProject "Addition" */;
			compatibilityVersion = "Xcode 14.0";
			developmentRegion = en;
			hasScannedForEncodings = 0;
			knownRegions = (
				en,
				Base,
			);
			mainGroup = E78BD0F328DD118F0070E4F5;
			productRefGroup = E78BD0FD28DD118F0070E4F5 /* Products */;
			projectDirPath = "";
			projectRoot = "";
			targets = (
				E78BD0FB28DD118F0070E4F5 /* Addition */,
			);
		};
/* End PBXProject section */

/* Begin PBXResourcesBuildPhase section */
		E78BD0FA28DD118F0070E4F5 /* Resources */ = {
			isa = PBXResourcesBuildPhase;
			buildActionMask = 2147483647;
			files = (
				E78BD10728DD11910070E4F5 /* Preview Assets.xcassets in Resources */,
				E78BD10428DD11910070E4F5 /* Assets.xcassets in Resources */,
			);
			runOnlyForDeploymentPostprocessing = 0;
		};
/* End PBXResourcesBuildPhase section */

/* Begin PBXSourcesBuildPhase section */
		E78BD0F828DD118F0070E4F5 /* Sources */ = {
			isa = PBXSourcesBuildPhase;
			buildActionMask = 2147483647;
			files = (
				E79B19A828E0C82F00231BE5 /* AnimalButton.swift in Sources */,
				E78BD10228DD118F0070E4F5 /* ContentView.swift in Sources */,
				E78BD11028DE64E90070E4F5 /* SwiftExtensions.swift in Sources */,
				E7CEEE8F2924504C002744A3 /* AnimalGroup.swift in Sources */,
				E78BD10E28DE61A10070E4F5 /* Animals.swift in Sources */,
				E78BD10028DD118F0070E4F5 /* AdditionApp.swift in Sources */,
				E79B19AA28E1433300231BE5 /* UserProgress.swift in Sources */,
				E79B19A628E0C72C00231BE5 /* GameView.swift in Sources */,
				E7CEEE912926F5AD002744A3 /* SoundManager.swift in Sources */,
			);
			runOnlyForDeploymentPostprocessing = 0;
		};
/* End PBXSourcesBuildPhase section */

/* Begin XCBuildConfiguration section */
		E78BD10828DD11910070E4F5 /* Debug */ = {
			isa = XCBuildConfiguration;
			buildSettings = {
				ALWAYS_SEARCH_USER_PATHS = NO;
				CLANG_ANALYZER_NONNULL = YES;
				CLANG_ANALYZER_NUMBER_OBJECT_CONVERSION = YES_AGGRESSIVE;
				CLANG_CXX_LANGUAGE_STANDARD = "gnu++20";
				CLANG_ENABLE_MODULES = YES;
				CLANG_ENABLE_OBJC_ARC = YES;
				CLANG_ENABLE_OBJC_WEAK = YES;
				CLANG_WARN_BLOCK_CAPTURE_AUTORELEASING = YES;
				CLANG_WARN_BOOL_CONVERSION = YES;
				CLANG_WARN_COMMA = YES;
				CLANG_WARN_CONSTANT_CONVERSION = YES;
				CLANG_WARN_DEPRECATED_OBJC_IMPLEMENTATIONS = YES;
				CLANG_WARN_DIRECT_OBJC_ISA_USAGE = YES_ERROR;
				CLANG_WARN_DOCUMENTATION_COMMENTS = YES;
				CLANG_WARN_EMPTY_BODY = YES;
				CLANG_WARN_ENUM_CONVERSION = YES;
				CLANG_WARN_INFINITE_RECURSION = YES;
				CLANG_WARN_INT_CONVERSION = YES;
				CLANG_WARN_NON_LITERAL_NULL_CONVERSION = YES;
				CLANG_WARN_OBJC_IMPLICIT_RETAIN_SELF = YES;
				CLANG_WARN_OBJC_LITERAL_CONVERSION = YES;
				CLANG_WARN_OBJC_ROOT_CLASS = YES_ERROR;
				CLANG_WARN_QUOTED_INCLUDE_IN_FRAMEWORK_HEADER = YES;
				CLANG_WARN_RANGE_LOOP_ANALYSIS = YES;
				CLANG_WARN_STRICT_PROTOTYPES = YES;
				CLANG_WARN_SUSPICIOUS_MOVE = YES;
				CLANG_WARN_UNGUARDED_AVAILABILITY = YES_AGGRESSIVE;
				CLANG_WARN_UNREACHABLE_CODE = YES;
				CLANG_WARN__DUPLICATE_METHOD_MATCH = YES;
				COPY_PHASE_STRIP = NO;
				DEBUG_INFORMATION_FORMAT = dwarf;
				ENABLE_STRICT_OBJC_MSGSEND = YES;
				ENABLE_TESTABILITY = YES;
				GCC_C_LANGUAGE_STANDARD = gnu11;
				GCC_DYNAMIC_NO_PIC = NO;
				GCC_NO_COMMON_BLOCKS = YES;
				GCC_OPTIMIZATION_LEVEL = 0;
				GCC_PREPROCESSOR_DEFINITIONS = (
					"DEBUG=1",
					"$(inherited)",
				);
				GCC_WARN_64_TO_32_BIT_CONVERSION = YES;
				GCC_WARN_ABOUT_RETURN_TYPE = YES_ERROR;
				GCC_WARN_UNDECLARED_SELECTOR = YES;
				GCC_WARN_UNINITIALIZED_AUTOS = YES_AGGRESSIVE;
				GCC_WARN_UNUSED_FUNCTION = YES;
				GCC_WARN_UNUSED_VARIABLE = YES;
				IPHONEOS_DEPLOYMENT_TARGET = 16.0;
				MTL_ENABLE_DEBUG_INFO = INCLUDE_SOURCE;
				MTL_FAST_MATH = YES;
				ONLY_ACTIVE_ARCH = YES;
				SDKROOT = iphoneos;
				SWIFT_ACTIVE_COMPILATION_CONDITIONS = DEBUG;
				SWIFT_OPTIMIZATION_LEVEL = "-Onone";
			};
			name = Debug;
		};
		E78BD10928DD11910070E4F5 /* Release */ = {
			isa = XCBuildConfiguration;
			buildSettings = {
				ALWAYS_SEARCH_USER_PATHS = NO;
				CLANG_ANALYZER_NONNULL = YES;
				CLANG_ANALYZER_NUMBER_OBJECT_CONVERSION = YES_AGGRESSIVE;
				CLANG_CXX_LANGUAGE_STANDARD = "gnu++20";
				CLANG_ENABLE_MODULES = YES;
				CLANG_ENABLE_OBJC_ARC = YES;
				CLANG_ENABLE_OBJC_WEAK = YES;
				CLANG_WARN_BLOCK_CAPTURE_AUTORELEASING = YES;
				CLANG_WARN_BOOL_CONVERSION = YES;
				CLANG_WARN_COMMA = YES;
				CLANG_WARN_CONSTANT_CONVERSION = YES;
				CLANG_WARN_DEPRECATED_OBJC_IMPLEMENTATIONS = YES;
				CLANG_WARN_DIRECT_OBJC_ISA_USAGE = YES_ERROR;
				CLANG_WARN_DOCUMENTATION_COMMENTS = YES;
				CLANG_WARN_EMPTY_BODY = YES;
				CLANG_WARN_ENUM_CONVERSION = YES;
				CLANG_WARN_INFINITE_RECURSION = YES;
				CLANG_WARN_INT_CONVERSION = YES;
				CLANG_WARN_NON_LITERAL_NULL_CONVERSION = YES;
				CLANG_WARN_OBJC_IMPLICIT_RETAIN_SELF = YES;
				CLANG_WARN_OBJC_LITERAL_CONVERSION = YES;
				CLANG_WARN_OBJC_ROOT_CLASS = YES_ERROR;
				CLANG_WARN_QUOTED_INCLUDE_IN_FRAMEWORK_HEADER = YES;
				CLANG_WARN_RANGE_LOOP_ANALYSIS = YES;
				CLANG_WARN_STRICT_PROTOTYPES = YES;
				CLANG_WARN_SUSPICIOUS_MOVE = YES;
				CLANG_WARN_UNGUARDED_AVAILABILITY = YES_AGGRESSIVE;
				CLANG_WARN_UNREACHABLE_CODE = YES;
				CLANG_WARN__DUPLICATE_METHOD_MATCH = YES;
				COPY_PHASE_STRIP = NO;
				DEBUG_INFORMATION_FORMAT = "dwarf-with-dsym";
				ENABLE_NS_ASSERTIONS = NO;
				ENABLE_STRICT_OBJC_MSGSEND = YES;
				GCC_C_LANGUAGE_STANDARD = gnu11;
				GCC_NO_COMMON_BLOCKS = YES;
				GCC_WARN_64_TO_32_BIT_CONVERSION = YES;
				GCC_WARN_ABOUT_RETURN_TYPE = YES_ERROR;
				GCC_WARN_UNDECLARED_SELECTOR = YES;
				GCC_WARN_UNINITIALIZED_AUTOS = YES_AGGRESSIVE;
				GCC_WARN_UNUSED_FUNCTION = YES;
				GCC_WARN_UNUSED_VARIABLE = YES;
				IPHONEOS_DEPLOYMENT_TARGET = 16.0;
				MTL_ENABLE_DEBUG_INFO = NO;
				MTL_FAST_MATH = YES;
				SDKROOT = iphoneos;
				SWIFT_COMPILATION_MODE = wholemodule;
				SWIFT_OPTIMIZATION_LEVEL = "-O";
				VALIDATE_PRODUCT = YES;
			};
			name = Release;
		};
		E78BD10B28DD11910070E4F5 /* Debug */ = {
			isa = XCBuildConfiguration;
			buildSettings = {
				ASSETCATALOG_COMPILER_APPICON_NAME = AppIcon;
				ASSETCATALOG_COMPILER_GLOBAL_ACCENT_COLOR_NAME = AccentColor;
				CODE_SIGN_STYLE = Automatic;
				CURRENT_PROJECT_VERSION = 1;
				DEVELOPMENT_ASSET_PATHS = "\"Addition/Preview Content\"";
				DEVELOPMENT_TEAM = D856H3ZRFM;
				ENABLE_PREVIEWS = YES;
				GENERATE_INFOPLIST_FILE = YES;
				INFOPLIST_KEY_UIApplicationSceneManifest_Generation = YES;
				INFOPLIST_KEY_UIApplicationSupportsIndirectInputEvents = YES;
				INFOPLIST_KEY_UILaunchScreen_Generation = YES;
				INFOPLIST_KEY_UISupportedInterfaceOrientations_iPad = "UIInterfaceOrientationPortrait UIInterfaceOrientationPortraitUpsideDown UIInterfaceOrientationLandscapeLeft UIInterfaceOrientationLandscapeRight";
				INFOPLIST_KEY_UISupportedInterfaceOrientations_iPhone = "UIInterfaceOrientationPortrait UIInterfaceOrientationLandscapeLeft UIInterfaceOrientationLandscapeRight";
				LD_RUNPATH_SEARCH_PATHS = (
					"$(inherited)",
					"@executable_path/Frameworks",
				);
				MARKETING_VERSION = 1.0;
				PRODUCT_BUNDLE_IDENTIFIER = "Hacking-with-Swift.Addition";
				PRODUCT_NAME = "$(TARGET_NAME)";
				SWIFT_EMIT_LOC_STRINGS = YES;
				SWIFT_VERSION = 5.0;
				TARGETED_DEVICE_FAMILY = "1,2";
			};
			name = Debug;
		};
		E78BD10C28DD11910070E4F5 /* Release */ = {
			isa = XCBuildConfiguration;
			buildSettings = {
				ASSETCATALOG_COMPILER_APPICON_NAME = AppIcon;
				ASSETCATALOG_COMPILER_GLOBAL_ACCENT_COLOR_NAME = AccentColor;
				CODE_SIGN_STYLE = Automatic;
				CURRENT_PROJECT_VERSION = 1;
				DEVELOPMENT_ASSET_PATHS = "\"Addition/Preview Content\"";
				DEVELOPMENT_TEAM = D856H3ZRFM;
				ENABLE_PREVIEWS = YES;
				GENERATE_INFOPLIST_FILE = YES;
				INFOPLIST_KEY_UIApplicationSceneManifest_Generation = YES;
				INFOPLIST_KEY_UIApplicationSupportsIndirectInputEvents = YES;
				INFOPLIST_KEY_UILaunchScreen_Generation = YES;
				INFOPLIST_KEY_UISupportedInterfaceOrientations_iPad = "UIInterfaceOrientationPortrait UIInterfaceOrientationPortraitUpsideDown UIInterfaceOrientationLandscapeLeft UIInterfaceOrientationLandscapeRight";
				INFOPLIST_KEY_UISupportedInterfaceOrientations_iPhone = "UIInterfaceOrientationPortrait UIInterfaceOrientationLandscapeLeft UIInterfaceOrientationLandscapeRight";
				LD_RUNPATH_SEARCH_PATHS = (
					"$(inherited)",
					"@executable_path/Frameworks",
				);
				MARKETING_VERSION = 1.0;
				PRODUCT_BUNDLE_IDENTIFIER = "Hacking-with-Swift.Addition";
				PRODUCT_NAME = "$(TARGET_NAME)";
				SWIFT_EMIT_LOC_STRINGS = YES;
				SWIFT_VERSION = 5.0;
				TARGETED_DEVICE_FAMILY = "1,2";
			};
			name = Release;
		};
/* End XCBuildConfiguration section */

/* Begin XCConfigurationList section */
		E78BD0F728DD118F0070E4F5 /* Build configuration list for PBXProject "Addition" */ = {
			isa = XCConfigurationList;
			buildConfigurations = (
				E78BD10828DD11910070E4F5 /* Debug */,
				E78BD10928DD11910070E4F5 /* Release */,
			);
			defaultConfigurationIsVisible = 0;
			defaultConfigurationName = Release;
		};
		E78BD10A28DD11910070E4F5 /* Build configuration list for PBXNativeTarget "Addition" */ = {
			isa = XCConfigurationList;
			buildConfigurations = (
				E78BD10B28DD11910070E4F5 /* Debug */,
				E78BD10C28DD11910070E4F5 /* Release */,
			);
			defaultConfigurationIsVisible = 0;
			defaultConfigurationName = Release;
		};
/* End XCConfigurationList section */
	};
	rootObject = E78BD0F428DD118F0070E4F5 /* Project object */;
}
